{
  "name": "@openclaw/teams-meetings",
  "version": "2026.8.1-beta.1",
  "lockfileVersion": 3,
  "requires": true,
  "packages": {
    "": {
      "name": "@openclaw/teams-meetings",
      "version": "2026.8.1-beta.1",
      "dependencies": {
        "typebox": "1.3.6"
      },
      "peerDependencies": {
        "openclaw": ">=2026.8.1-beta.1"
      },
      "peerDependenciesMeta": {
        "openclaw": {
          "optional": true
        }
      }
    },
    "node_modules/typebox": {
      "version": "1.3.6",
      "resolved": "https://registry.npmjs.org/typebox/-/typebox-1.3.6.tgz",
      "integrity": "sha512-Sc8RA0NCMEFmApHNU9ZMzqcpQj46She44J8ffpLM/bdhLNUZKq7DJumcLcsFx1gRmDfQPgCgOmFFJ7rcnfWNyA==",
      "license": "MIT"
    }
  }
}
