{
  "name": "@openclaw/amazon-bedrock-mantle-provider",
  "version": "2026.8.1-beta.1",
  "lockfileVersion": 3,
  "requires": true,
  "packages": {
    "": {
      "name": "@openclaw/amazon-bedrock-mantle-provider",
      "version": "2026.8.1-beta.1",
      "dependencies": {
        "@anthropic-ai/sdk": "0.115.0",
        "@aws/bedrock-token-generator": "1.1.0"
      }
    },
    "node_modules/@anthropic-ai/sdk": {
      "version": "0.115.0",
      "resolved": "https://registry.npmjs.org/@anthropic-ai/sdk/-/sdk-0.115.0.tgz",
      "integrity": "sha512-BJrFIVyjNuU8lfDyIJTvlRYzgQg+zEl78BxE7fq8esULsGz9IRQvGtW5spq3tydmtjQb/GFdooKGdGsetpx+lQ==",
      "license": "MIT",
      "dependencies": {
        "json-schema-to-ts": "^3.1.1",
        "standardwebhooks": "^1.0.0"
      },
      "bin": {
        "anthropic-ai-sdk": "bin/cli"
      },
      "peerDependencies": {
        "zod": "^3.25.0 || ^4.0.0"
      },
      "peerDependenciesMeta": {
        "zod": {
          "optional": true
        }
      }
    },
    "node_modules/@aws-sdk/core": {
      "version": "3.977.1",
      "resolved": "https://registry.npmjs.org/@aws-sdk/core/-/core-3.977.1.tgz",
      "integrity": "sha512-KVtQRtc00ES/y+Sc3vYXeP6pCIcNlBJCZOwvqSy8ZpVGmbM5+IG+AfhuTKQ2oXmIVqZJewaGMMpzPkywC6xg0w==",
      "license": "Apache-2.0",
      "dependencies": {
        "@aws-sdk/types": "^3.974.2",
        "@aws-sdk/xml-builder": "^3.972.37",
        "@aws/lambda-invoke-store": "^0.3.0",
        "@smithy/core": "^3.29.8",
        "@smithy/signature-v4": "^5.6.9",
        "@smithy/types": "^4.16.1",
        "bowser": "^2.11.0",
        "tslib": "^2.6.2"
      },
      "engines": {
        "node": ">=20.0.0"
      }
    },
    "node_modules/@aws-sdk/credential-provider-cognito-identity": {
      "version": "3.972.60",
      "resolved": "https://registry.npmjs.org/@aws-sdk/credential-provider-cognito-identity/-/credential-provider-cognito-identity-3.972.60.tgz",
      "integrity": "sha512-16Fxa3veKIO6nHJr+vN76z3BkSU7725lzruc5S2SQSTUTbK4TXtmi8033WQljZj4k1+383UsMaNOHN6B76fK5A==",
      "license": "Apache-2.0",
      "dependencies": {
        "@aws-sdk/nested-clients": "^3.997.35",
        "@aws-sdk/types": "^3.974.2",
        "@smithy/core": "^3.29.8",
        "@smithy/types": "^4.16.1",
        "tslib": "^2.6.2"
      },
      "engines": {
        "node": ">=20.0.0"
      }
    },
    "node_modules/@aws-sdk/credential-provider-env": {
      "version": "3.972.61",
      "resolved": "https://registry.npmjs.org/@aws-sdk/credential-provider-env/-/credential-provider-env-3.972.61.tgz",
      "integrity": "sha512-qihs2ekMb89Nxd2JenCgVFhjbkb3EIo7HEBCBzyZACKVJdrLUZBLOmAE3xr0Sayml8n/jZSzwO/IufIiIzO7PQ==",
      "license": "Apache-2.0",
      "dependencies": {
        "@aws-sdk/core": "^3.977.0",
        "@aws-sdk/types": "^3.974.2",
        "@smithy/core": "^3.29.8",
        "@smithy/types": "^4.16.1",
        "tslib": "^2.6.2"
      },
      "engines": {
        "node": ">=20.0.0"
      }
    },
    "node_modules/@aws-sdk/credential-provider-http": {
      "version": "3.972.63",
      "resolved": "https://registry.npmjs.org/@aws-sdk/credential-provider-http/-/credential-provider-http-3.972.63.tgz",
      "integrity": "sha512-yfozsS8wkWZEi/n6IsrodcFKBWZ0iNAezhJbTReMNc0z1Px17qdeAeuL1/wziCAmCZyXiW7QzP75ggJkBQv8jQ==",
      "license": "Apache-2.0",
      "dependencies": {
        "@aws-sdk/core": "^3.977.0",
        "@aws-sdk/types": "^3.974.2",
        "@smithy/core": "^3.29.8",
        "@smithy/fetch-http-handler": "^5.6.10",
        "@smithy/node-http-handler": "^4.9.10",
        "@smithy/types": "^4.16.1",
        "tslib": "^2.6.2"
      },
      "engines": {
        "node": ">=20.0.0"
      }
    },
    "node_modules/@aws-sdk/credential-provider-ini": {
      "version": "3.973.6",
      "resolved": "https://registry.npmjs.org/@aws-sdk/credential-provider-ini/-/credential-provider-ini-3.973.6.tgz",
      "integrity": "sha512-jGLTW1bj148GL/6/IMlfY2fMYS9FtHOG+NahkFD4y0qkzYudNUahelxryY68/HGMslYuHClk1XaS/3b3eJzEkg==",
      "license": "Apache-2.0",
      "dependencies": {
        "@aws-sdk/core": "^3.977.0",
        "@aws-sdk/credential-provider-env": "^3.972.61",
        "@aws-sdk/credential-provider-http": "^3.972.63",
        "@aws-sdk/credential-provider-login": "^3.972.68",
        "@aws-sdk/credential-provider-process": "^3.972.61",
        "@aws-sdk/credential-provider-sso": "^3.973.5",
        "@aws-sdk/credential-provider-web-identity": "^3.972.67",
        "@aws-sdk/nested-clients": "^3.997.35",
        "@aws-sdk/types": "^3.974.2",
        "@smithy/core": "^3.29.8",
        "@smithy/credential-provider-imds": "^4.4.13",
        "@smithy/types": "^4.16.1",
        "tslib": "^2.6.2"
      },
      "engines": {
        "node": ">=20.0.0"
      }
    },
    "node_modules/@aws-sdk/credential-provider-login": {
      "version": "3.972.68",
      "resolved": "https://registry.npmjs.org/@aws-sdk/credential-provider-login/-/credential-provider-login-3.972.68.tgz",
      "integrity": "sha512-w6tNci6g7RqFpLhj1f5xseBvaNojb4Pkgp5Jp5apl9hrJtaf2AA+rX9+qlhlWUK6kcyAFYPA7emO+55zj+S98Q==",
      "license": "Apache-2.0",
      "dependencies": {
        "@aws-sdk/core": "^3.977.0",
        "@aws-sdk/nested-clients": "^3.997.35",
        "@aws-sdk/types": "^3.974.2",
        "@smithy/core": "^3.29.8",
        "@smithy/types": "^4.16.1",
        "tslib": "^2.6.2"
      },
      "engines": {
        "node": ">=20.0.0"
      }
    },
    "node_modules/@aws-sdk/credential-provider-node": {
      "version": "3.972.72",
      "resolved": "https://registry.npmjs.org/@aws-sdk/credential-provider-node/-/credential-provider-node-3.972.72.tgz",
      "integrity": "sha512-blQ7F5QGzylnzeh5549zQLoCAiMHkXFLjFovEMaVy4b2X8JhUu+u9NXro1hyK95YHdVFNmBHKs2hIHtZchxKlQ==",
      "license": "Apache-2.0",
      "dependencies": {
        "@aws-sdk/credential-provider-env": "^3.972.61",
        "@aws-sdk/credential-provider-http": "^3.972.63",
        "@aws-sdk/credential-provider-ini": "^3.973.6",
        "@aws-sdk/credential-provider-process": "^3.972.61",
        "@aws-sdk/credential-provider-sso": "^3.973.5",
        "@aws-sdk/credential-provider-web-identity": "^3.972.67",
        "@aws-sdk/types": "^3.974.2",
        "@smithy/core": "^3.29.8",
        "@smithy/credential-provider-imds": "^4.4.13",
        "@smithy/types": "^4.16.1",
        "tslib": "^2.6.2"
      },
      "engines": {
        "node": ">=20.0.0"
      }
    },
    "node_modules/@aws-sdk/credential-provider-process": {
      "version": "3.972.61",
      "resolved": "https://registry.npmjs.org/@aws-sdk/credential-provider-process/-/credential-provider-process-3.972.61.tgz",
      "integrity": "sha512-xzRuj+fUVO4nkafKQJVKAF97kGpeQbfjuwmRrtGZNf42/1dkmcz6o7dswBy7alY0htQn5sCL1GWQYEykviWZkA==",
      "license": "Apache-2.0",
      "dependencies": {
        "@aws-sdk/core": "^3.977.0",
        "@aws-sdk/types": "^3.974.2",
        "@smithy/core": "^3.29.8",
        "@smithy/types": "^4.16.1",
        "tslib": "^2.6.2"
      },
      "engines": {
        "node": ">=20.0.0"
      }
    },
    "node_modules/@aws-sdk/credential-provider-sso": {
      "version": "3.973.5",
      "resolved": "https://registry.npmjs.org/@aws-sdk/credential-provider-sso/-/credential-provider-sso-3.973.5.tgz",
      "integrity": "sha512-fZRjjWhLFelsDoOYjqShQTrIGYC3Pf9Mx9Czf+1ikfQDgktxjze33dVo1q1/ZQ+T0qbtejVoHNHrfD5aJVpv/w==",
      "license": "Apache-2.0",
      "dependencies": {
        "@aws-sdk/core": "^3.977.0",
        "@aws-sdk/nested-clients": "^3.997.35",
        "@aws-sdk/token-providers": "3.1095.0",
        "@aws-sdk/types": "^3.974.2",
        "@smithy/core": "^3.29.8",
        "@smithy/types": "^4.16.1",
        "tslib": "^2.6.2"
      },
      "engines": {
        "node": ">=20.0.0"
      }
    },
    "node_modules/@aws-sdk/credential-provider-web-identity": {
      "version": "3.972.67",
      "resolved": "https://registry.npmjs.org/@aws-sdk/credential-provider-web-identity/-/credential-provider-web-identity-3.972.67.tgz",
      "integrity": "sha512-FTNZ05gkPBA6CKbU3N4zPgybV+stdazwMOya75CmGdcJL7p8Fw/BdHP8WVxJd0mvzyPK2cg/C3gli58Ir4HgCw==",
      "license": "Apache-2.0",
      "dependencies": {
        "@aws-sdk/core": "^3.977.0",
        "@aws-sdk/nested-clients": "^3.997.35",
        "@aws-sdk/types": "^3.974.2",
        "@smithy/core": "^3.29.8",
        "@smithy/types": "^4.16.1",
        "tslib": "^2.6.2"
      },
      "engines": {
        "node": ">=20.0.0"
      }
    },
    "node_modules/@aws-sdk/credential-providers": {
      "version": "3.1095.0",
      "resolved": "https://registry.npmjs.org/@aws-sdk/credential-providers/-/credential-providers-3.1095.0.tgz",
      "integrity": "sha512-hcL4iILqep+AieTjJ+eYpBoThcirhlr0rzOqyDKSlFeV15qy8FnvwZFlNmVUFFwHnZjvQz5M9MsRe4XbC6eDfw==",
      "license": "Apache-2.0",
      "dependencies": {
        "@aws-sdk/core": "^3.977.0",
        "@aws-sdk/credential-provider-cognito-identity": "^3.972.60",
        "@aws-sdk/credential-provider-env": "^3.972.61",
        "@aws-sdk/credential-provider-http": "^3.972.63",
        "@aws-sdk/credential-provider-ini": "^3.973.6",
        "@aws-sdk/credential-provider-login": "^3.972.68",
        "@aws-sdk/credential-provider-node": "^3.972.72",
        "@aws-sdk/credential-provider-process": "^3.972.61",
        "@aws-sdk/credential-provider-sso": "^3.973.5",
        "@aws-sdk/credential-provider-web-identity": "^3.972.67",
        "@aws-sdk/nested-clients": "^3.997.35",
        "@aws-sdk/types": "^3.974.2",
        "@smithy/core": "^3.29.8",
        "@smithy/credential-provider-imds": "^4.4.13",
        "@smithy/types": "^4.16.1",
        "tslib": "^2.6.2"
      },
      "engines": {
        "node": ">=20.0.0"
      }
    },
    "node_modules/@aws-sdk/nested-clients": {
      "version": "3.997.35",
      "resolved": "https://registry.npmjs.org/@aws-sdk/nested-clients/-/nested-clients-3.997.35.tgz",
      "integrity": "sha512-2MJfseVG/aXvIyOIBlYA/Oaf6qFDdsu4D8RKsEUdOQpVuLaor0BdxIBBtJLBNQQEe6Ku3YMvLljwb1MwVUpzRw==",
      "license": "Apache-2.0",
      "dependencies": {
        "@aws-sdk/core": "^3.977.0",
        "@aws-sdk/signature-v4-multi-region": "^3.996.42",
        "@aws-sdk/types": "^3.974.2",
        "@smithy/core": "^3.29.8",
        "@smithy/fetch-http-handler": "^5.6.10",
        "@smithy/node-http-handler": "^4.9.10",
        "@smithy/types": "^4.16.1",
        "tslib": "^2.6.2"
      },
      "engines": {
        "node": ">=20.0.0"
      }
    },
    "node_modules/@aws-sdk/signature-v4-multi-region": {
      "version": "3.996.42",
      "resolved": "https://registry.npmjs.org/@aws-sdk/signature-v4-multi-region/-/signature-v4-multi-region-3.996.42.tgz",
      "integrity": "sha512-DBV4naZP6HYBlAvPpoQzOP12Wvfou/5rN8yJPXjBTBylU5qwCbh/tXr2MddHoIjgoRkEl/eS+IljiUqvmwey1Q==",
      "license": "Apache-2.0",
      "dependencies": {
        "@aws-sdk/types": "^3.974.2",
        "@smithy/signature-v4": "^5.6.9",
        "@smithy/types": "^4.16.1",
        "tslib": "^2.6.2"
      },
      "engines": {
        "node": ">=20.0.0"
      }
    },
    "node_modules/@aws-sdk/token-providers": {
      "version": "3.1095.0",
      "resolved": "https://registry.npmjs.org/@aws-sdk/token-providers/-/token-providers-3.1095.0.tgz",
      "integrity": "sha512-65SudS6y4nzaYHybtqcpm3sHe5jLhdMn68HRKS1nUx690BtQeaAQOoujQ+dpOjBATIVGVgKKjEP8tR+U06QJQA==",
      "license": "Apache-2.0",
      "dependencies": {
        "@aws-sdk/core": "^3.977.0",
        "@aws-sdk/nested-clients": "^3.997.35",
        "@aws-sdk/types": "^3.974.2",
        "@smithy/core": "^3.29.8",
        "@smithy/types": "^4.16.1",
        "tslib": "^2.6.2"
      },
      "engines": {
        "node": ">=20.0.0"
      }
    },
    "node_modules/@aws-sdk/types": {
      "version": "3.974.2",
      "resolved": "https://registry.npmjs.org/@aws-sdk/types/-/types-3.974.2.tgz",
      "integrity": "sha512-3W6IUtSxFbH6X7Wb7DzGCV5QiFQsd0g8bOfntpmDxQlzBoKWUMBu/JPQR0DwkE+Hpnxd6db1tXbOwdeHddG6cA==",
      "license": "Apache-2.0",
      "dependencies": {
        "@smithy/types": "^4.16.1",
        "tslib": "^2.6.2"
      },
      "engines": {
        "node": ">=20.0.0"
      }
    },
    "node_modules/@aws-sdk/util-format-url": {
      "version": "3.972.37",
      "resolved": "https://registry.npmjs.org/@aws-sdk/util-format-url/-/util-format-url-3.972.37.tgz",
      "integrity": "sha512-c4bykf3FoSMllBtN53dvPWWtz0/z/IuB6Oj3+8KaQyOsncw75xhr0dA7zXleXzhmfG0xLq3CQKO77dLvGQBZVQ==",
      "license": "Apache-2.0",
      "dependencies": {
        "@aws-sdk/core": "^3.977.0",
        "tslib": "^2.6.2"
      },
      "engines": {
        "node": ">=20.0.0"
      }
    },
    "node_modules/@aws-sdk/xml-builder": {
      "version": "3.972.37",
      "resolved": "https://registry.npmjs.org/@aws-sdk/xml-builder/-/xml-builder-3.972.37.tgz",
      "integrity": "sha512-zKq4HQum8JwDyEuyfuI4bbiAcU0KxP6qy+9PR/IsR92IyE/DaBAikzAS50tjxip4bqIIANpCcG+Yyj6CVhXupg==",
      "license": "Apache-2.0",
      "dependencies": {
        "@smithy/types": "^4.16.1",
        "tslib": "^2.6.2"
      },
      "engines": {
        "node": ">=20.0.0"
      }
    },
    "node_modules/@aws/bedrock-token-generator": {
      "version": "1.1.0",
      "resolved": "https://registry.npmjs.org/@aws/bedrock-token-generator/-/bedrock-token-generator-1.1.0.tgz",
      "integrity": "sha512-i+DkWnfdA4j4sffy9dI4k3OGoOWqN8CTGdtO4IZ3c0kpKYFr6KyqzqLQmoRNrF3ACFcWj6u+J6cbBQ97j9wx5w==",
      "license": "Apache-2.0",
      "dependencies": {
        "@aws-sdk/credential-providers": "^3.525.0",
        "@aws-sdk/util-format-url": ">=3.525.0",
        "@smithy/config-resolver": "^4.1.4",
        "@smithy/hash-node": ">=2.1.3",
        "@smithy/invalid-dependency": "^4.0.4",
        "@smithy/node-config-provider": "^4.1.3",
        "@smithy/protocol-http": ">=3.2.1",
        "@smithy/signature-v4": ">=2.1.3",
        "@smithy/types": ">=2.11.0"
      },
      "engines": {
        "node": ">=16.0.0"
      }
    },
    "node_modules/@aws/lambda-invoke-store": {
      "version": "0.3.0",
      "resolved": "https://registry.npmjs.org/@aws/lambda-invoke-store/-/lambda-invoke-store-0.3.0.tgz",
      "integrity": "sha512-sl4Bm6yiMNYrZKkqqDFWN0UfnWhlS8ivKxrYl+6t0gCLrqr8y3B2IqZZbFRkfaVVp7C/baApyh71P+LeE1A2sQ==",
      "license": "Apache-2.0",
      "engines": {
        "node": ">=18.0.0"
      }
    },
    "node_modules/@babel/runtime": {
      "version": "7.29.7",
      "resolved": "https://registry.npmjs.org/@babel/runtime/-/runtime-7.29.7.tgz",
      "integrity": "sha512-Nq8OhGWiZIZGV6hLHoyAKLLcJihP/xFeBMGJoUrxTX2psI8dCifzLhZISFb+VWS3wFMRDmCGw5R+dOySCqPLhw==",
      "license": "MIT",
      "engines": {
        "node": ">=6.9.0"
      }
    },
    "node_modules/@smithy/config-resolver": {
      "version": "4.6.14",
      "resolved": "https://registry.npmjs.org/@smithy/config-resolver/-/config-resolver-4.6.14.tgz",
      "integrity": "sha512-7qUsqGDU7yup+ARqI6CO1KOz8rjVPpyzbdQX4dab+3GEl4YnmpnhUnwZb5BLtZC0TqOAwyv1UJiocgRhLHVNWA==",
      "license": "Apache-2.0",
      "dependencies": {
        "@smithy/core": "^3.30.0",
        "tslib": "^2.6.2"
      },
      "engines": {
        "node": ">=18.0.0"
      }
    },
    "node_modules/@smithy/core": {
      "version": "3.30.0",
      "resolved": "https://registry.npmjs.org/@smithy/core/-/core-3.30.0.tgz",
      "integrity": "sha512-dl2yRglDxfzH9uJ4fSo4zTaAHa0zH7+V7BZMRWy8hEYIKT1BiqMUK/CN6T3ADQ3kbA5N1tmUulroJ2UtONS7Kw==",
      "license": "Apache-2.0",
      "dependencies": {
        "@smithy/types": "^4.16.1",
        "tslib": "^2.6.2"
      },
      "engines": {
        "node": ">=18.0.0"
      }
    },
    "node_modules/@smithy/credential-provider-imds": {
      "version": "4.4.14",
      "resolved": "https://registry.npmjs.org/@smithy/credential-provider-imds/-/credential-provider-imds-4.4.14.tgz",
      "integrity": "sha512-QgbuahIb2qxQeZQvNK0sw3aF3JH5zwH8j2lLp5DUasVXexGGMWULAR+7z0omPXFolCP/m5wN9M5lm9EGdSviTQ==",
      "license": "Apache-2.0",
      "dependencies": {
        "@smithy/core": "^3.30.0",
        "@smithy/types": "^4.16.1",
        "tslib": "^2.6.2"
      },
      "engines": {
        "node": ">=18.0.0"
      }
    },
    "node_modules/@smithy/fetch-http-handler": {
      "version": "5.6.11",
      "resolved": "https://registry.npmjs.org/@smithy/fetch-http-handler/-/fetch-http-handler-5.6.11.tgz",
      "integrity": "sha512-o0Zkj1nKqJAoq+a+BrkhU39tRftMNjLwpc/z06Frfl43wpbHrJMaSAVZE4vTqlxtVkNaGaT0bIDxOp7tkFTuQQ==",
      "license": "Apache-2.0",
      "dependencies": {
        "@smithy/core": "^3.30.0",
        "@smithy/types": "^4.16.1",
        "tslib": "^2.6.2"
      },
      "engines": {
        "node": ">=18.0.0"
      }
    },
    "node_modules/@smithy/hash-node": {
      "version": "4.4.14",
      "resolved": "https://registry.npmjs.org/@smithy/hash-node/-/hash-node-4.4.14.tgz",
      "integrity": "sha512-kd+H/Vmy6RHGU1m4SSyZ2BaMbPwPcAAX1zmQ5sI1Ljug4oGKYCVjbkPo3yqbUlzvGhogF/TtwSnwCDwlflYUlg==",
      "license": "Apache-2.0",
      "dependencies": {
        "@smithy/core": "^3.30.0",
        "tslib": "^2.6.2"
      },
      "engines": {
        "node": ">=18.0.0"
      }
    },
    "node_modules/@smithy/invalid-dependency": {
      "version": "4.4.14",
      "resolved": "https://registry.npmjs.org/@smithy/invalid-dependency/-/invalid-dependency-4.4.14.tgz",
      "integrity": "sha512-AN3I5u5YQAmrQNXR4F6cA6UnWuN78jOFn+vdk6Fj20OO8GFbLCPDun1Cdwk0ogv6EISyG14s9mJ4YAR2b3ldgw==",
      "license": "Apache-2.0",
      "dependencies": {
        "@smithy/core": "^3.30.0",
        "tslib": "^2.6.2"
      },
      "engines": {
        "node": ">=18.0.0"
      }
    },
    "node_modules/@smithy/node-config-provider": {
      "version": "4.5.14",
      "resolved": "https://registry.npmjs.org/@smithy/node-config-provider/-/node-config-provider-4.5.14.tgz",
      "integrity": "sha512-6iv9dLiDX4he0KLFr2vw2u98Q+lIEsF0G+1MZVy5kWjZRLYXvY6S4uJ+R3aC4xYBkjljAtCB3uG9Y8pBL3O3Ug==",
      "license": "Apache-2.0",
      "dependencies": {
        "@smithy/core": "^3.30.0",
        "tslib": "^2.6.2"
      },
      "engines": {
        "node": ">=18.0.0"
      }
    },
    "node_modules/@smithy/node-http-handler": {
      "version": "4.9.11",
      "resolved": "https://registry.npmjs.org/@smithy/node-http-handler/-/node-http-handler-4.9.11.tgz",
      "integrity": "sha512-slbzbz8taEOzoXv/9y34YNBoE+ZHmddLykCgjDAjvMAsu2nM5s2Gzwa5OGF721tD8s+CKeFUBds5lSj9lcbuDg==",
      "license": "Apache-2.0",
      "dependencies": {
        "@smithy/core": "^3.30.0",
        "@smithy/types": "^4.16.1",
        "tslib": "^2.6.2"
      },
      "engines": {
        "node": ">=18.0.0"
      }
    },
    "node_modules/@smithy/protocol-http": {
      "version": "5.5.14",
      "resolved": "https://registry.npmjs.org/@smithy/protocol-http/-/protocol-http-5.5.14.tgz",
      "integrity": "sha512-R+aYfS8kDXMwO+LfpiWTJjjUsR+se4cd2ZBjMU3fqJmoSZ1jenTpgb4/k1SvvXcM9f0232KvufZoO5XRWoiPBw==",
      "license": "Apache-2.0",
      "dependencies": {
        "@smithy/core": "^3.30.0",
        "tslib": "^2.6.2"
      },
      "engines": {
        "node": ">=18.0.0"
      }
    },
    "node_modules/@smithy/signature-v4": {
      "version": "5.6.10",
      "resolved": "https://registry.npmjs.org/@smithy/signature-v4/-/signature-v4-5.6.10.tgz",
      "integrity": "sha512-EXhWePm3SXJAX38npIy4TXL2Aex/OVgCClTjelN2QHw/U+8CQUH8C7AaxsVzQcYieYPseywn48s89DmvuGjiAg==",
      "license": "Apache-2.0",
      "dependencies": {
        "@smithy/core": "^3.30.0",
        "@smithy/types": "^4.16.1",
        "tslib": "^2.6.2"
      },
      "engines": {
        "node": ">=18.0.0"
      }
    },
    "node_modules/@smithy/types": {
      "version": "4.16.1",
      "resolved": "https://registry.npmjs.org/@smithy/types/-/types-4.16.1.tgz",
      "integrity": "sha512-0JFs3V2y2M9tKW5na/qxe69Zv+uxLMO7QBbhxF/FHu/Gp2NFZAAL9tWl9PU02xxo07pb3G9FTyjNc6D5uZrJIg==",
      "license": "Apache-2.0",
      "dependencies": {
        "tslib": "^2.6.2"
      },
      "engines": {
        "node": ">=18.0.0"
      }
    },
    "node_modules/@stablelib/base64": {
      "version": "1.0.1",
      "resolved": "https://registry.npmjs.org/@stablelib/base64/-/base64-1.0.1.tgz",
      "integrity": "sha512-1bnPQqSxSuc3Ii6MhBysoWCg58j97aUjuCSZrGSmDxNqtytIi0k8utUenAwTZN4V5mXXYGsVUI9zeBqy+jBOSQ==",
      "license": "MIT"
    },
    "node_modules/bowser": {
      "version": "2.14.1",
      "resolved": "https://registry.npmjs.org/bowser/-/bowser-2.14.1.tgz",
      "integrity": "sha512-tzPjzCxygAKWFOJP011oxFHs57HzIhOEracIgAePE4pqB3LikALKnSzUyU4MGs9/iCEUuHlAJTjTc5M+u7YEGg==",
      "license": "MIT"
    },
    "node_modules/fast-sha256": {
      "version": "1.3.0",
      "resolved": "https://registry.npmjs.org/fast-sha256/-/fast-sha256-1.3.0.tgz",
      "integrity": "sha512-n11RGP/lrWEFI/bWdygLxhI+pVeo1ZYIVwvvPkW7azl/rOy+F3HYRZ2K5zeE9mmkhQppyv9sQFx0JM9UabnpPQ==",
      "license": "Unlicense"
    },
    "node_modules/json-schema-to-ts": {
      "version": "3.1.1",
      "resolved": "https://registry.npmjs.org/json-schema-to-ts/-/json-schema-to-ts-3.1.1.tgz",
      "integrity": "sha512-+DWg8jCJG2TEnpy7kOm/7/AxaYoaRbjVB4LFZLySZlWn8exGs3A4OLJR966cVvU26N7X9TWxl+Jsw7dzAqKT6g==",
      "license": "MIT",
      "dependencies": {
        "@babel/runtime": "^7.18.3",
        "ts-algebra": "^2.0.0"
      },
      "engines": {
        "node": ">=16"
      }
    },
    "node_modules/standardwebhooks": {
      "version": "1.0.0",
      "resolved": "https://registry.npmjs.org/standardwebhooks/-/standardwebhooks-1.0.0.tgz",
      "integrity": "sha512-BbHGOQK9olHPMvQNHWul6MYlrRTAOKn03rOe4A8O3CLWhNf4YHBqq2HJKKC+sfqpxiBY52pNeesD6jIiLDz8jg==",
      "license": "MIT",
      "dependencies": {
        "@stablelib/base64": "^1.0.0",
        "fast-sha256": "^1.3.0"
      }
    },
    "node_modules/ts-algebra": {
      "version": "2.0.0",
      "resolved": "https://registry.npmjs.org/ts-algebra/-/ts-algebra-2.0.0.tgz",
      "integrity": "sha512-FPAhNPFMrkwz76P7cdjdmiShwMynZYN6SgOujD1urY4oNm80Ou9oMdmbR45LotcKOXoy7wSmHkRFE6Mxbrhefw==",
      "license": "MIT"
    },
    "node_modules/tslib": {
      "version": "2.8.1",
      "resolved": "https://registry.npmjs.org/tslib/-/tslib-2.8.1.tgz",
      "integrity": "sha512-oJFu94HQb+KVduSUQL7wnpmqnfmLsOA/nAh6b6EH0wCEoK0/mPeXU6c3wKDV83MkOuHPRHtSXKKU99IBazS/2w==",
      "license": "0BSD"
    }
  }
}
