{
  "name": "@openclaw/imessage",
  "version": "2026.8.1-beta.1",
  "lockfileVersion": 3,
  "requires": true,
  "packages": {
    "": {
      "name": "@openclaw/imessage",
      "version": "2026.8.1-beta.1",
      "dependencies": {
        "typebox": "1.3.6",
        "zod": "4.4.3"
      },
      "peerDependencies": {
        "openclaw": ">=2026.8.1-beta.1"
      },
      "peerDependenciesMeta": {
        "openclaw": {
          "optional": true
        }
      }
    },
    "node_modules/typebox": {
      "version": "1.3.6",
      "resolved": "https://registry.npmjs.org/typebox/-/typebox-1.3.6.tgz",
      "integrity": "sha512-Sc8RA0NCMEFmApHNU9ZMzqcpQj46She44J8ffpLM/bdhLNUZKq7DJumcLcsFx1gRmDfQPgCgOmFFJ7rcnfWNyA==",
      "license": "MIT"
    },
    "node_modules/zod": {
      "version": "4.4.3",
      "resolved": "https://registry.npmjs.org/zod/-/zod-4.4.3.tgz",
      "integrity": "sha512-ytENFjIJFl2UwYglde2jchW2Hwm4GJFLDiSXWdTrJQBIN9Fcyp7n4DhxJEiWNAJMV1/BqWfW/kkg71UDcHJyTQ==",
      "license": "MIT",
      "funding": {
        "url": "https://github.com/sponsors/colinhacks"
      }
    }
  }
}
